
Microsoft Visual Studio Solution File, Format Version 12.00
# Visual Studio Version 16
VisualStudioVersion = 16.0.29820.132
MinimumVisualStudioVersion = 15.0.26124.0
Project("{9A19103F-16F7-4668-BE54-9A1E7A4F7556}") = "SimpleObjectMapper", "CustomAutomapper\SimpleObjectMapper.csproj", "{0B878E51-B2D3-4A00-ADA1-125C500E97DD}"
EndProject
Project("{9A19103F-16F7-4668-BE54-9A1E7A4F7556}") = "SimpleObjectMapper.Test", "CustomAutomapper.Test\SimpleObjectMapper.Test.csproj", "{E3E2ADAA-66A5-4699-B75A-D45EFEC557AD}"
EndProject
Project("{9A19103F-16F7-4668-BE54-9A1E7A4F7556}") = "WebApplication1", "WebApplication1\WebApplication1.csproj", "{74F5B5A5-1699-4B6A-987B-673C92299C23}"
EndProject
Global
	GlobalSection(SolutionConfigurationPlatforms) = preSolution
		Debug|Any CPU = Debug|Any CPU
		Debug|x64 = Debug|x64
		Debug|x86 = Debug|x86
		Release|Any CPU = Release|Any CPU
		Release|x64 = Release|x64
		Release|x86 = Release|x86
	EndGlobalSection
	GlobalSection(ProjectConfigurationPlatforms) = postSolution
		{0B878E51-B2D3-4A00-ADA1-125C500E97DD}.Debug|Any CPU.ActiveCfg = Debug|Any CPU
		{0B878E51-B2D3-4A00-ADA1-125C500E97DD}.Debug|Any CPU.Build.0 = Debug|Any CPU
		{0B878E51-B2D3-4A00-ADA1-125C500E97DD}.Debug|x64.ActiveCfg = Debug|Any CPU
		{0B878E51-B2D3-4A00-ADA1-125C500E97DD}.Debug|x64.Build.0 = Debug|Any CPU
		{0B878E51-B2D3-4A00-ADA1-125C500E97DD}.Debug|x86.ActiveCfg = Debug|Any CPU
		{0B878E51-B2D3-4A00-ADA1-125C500E97DD}.Debug|x86.Build.0 = Debug|Any CPU
		{0B878E51-B2D3-4A00-ADA1-125C500E97DD}.Release|Any CPU.ActiveCfg = Release|Any CPU
		{0B878E51-B2D3-4A00-ADA1-125C500E97DD}.Release|Any CPU.Build.0 = Release|Any CPU
		{0B878E51-B2D3-4A00-ADA1-125C500E97DD}.Release|x64.ActiveCfg = Release|Any CPU
		{0B878E51-B2D3-4A00-ADA1-125C500E97DD}.Release|x64.Build.0 = Release|Any CPU
		{0B878E51-B2D3-4A00-ADA1-125C500E97DD}.Release|x86.ActiveCfg = Release|Any CPU
		{0B878E51-B2D3-4A00-ADA1-125C500E97DD}.Release|x86.Build.0 = Release|Any CPU
		{E3E2ADAA-66A5-4699-B75A-D45EFEC557AD}.Debug|Any CPU.ActiveCfg = Debug|Any CPU
		{E3E2ADAA-66A5-4699-B75A-D45EFEC557AD}.Debug|Any CPU.Build.0 = Debug|Any CPU
		{E3E2ADAA-66A5-4699-B75A-D45EFEC557AD}.Debug|x64.ActiveCfg = Debug|Any CPU
		{E3E2ADAA-66A5-4699-B75A-D45EFEC557AD}.Debug|x64.Build.0 = Debug|Any CPU
		{E3E2ADAA-66A5-4699-B75A-D45EFEC557AD}.Debug|x86.ActiveCfg = Debug|Any CPU
		{E3E2ADAA-66A5-4699-B75A-D45EFEC557AD}.Debug|x86.Build.0 = Debug|Any CPU
		{E3E2ADAA-66A5-4699-B75A-D45EFEC557AD}.Release|Any CPU.ActiveCfg = Release|Any CPU
		{E3E2ADAA-66A5-4699-B75A-D45EFEC557AD}.Release|Any CPU.Build.0 = Release|Any CPU
		{E3E2ADAA-66A5-4699-B75A-D45EFEC557AD}.Release|x64.ActiveCfg = Release|Any CPU
		{E3E2ADAA-66A5-4699-B75A-D45EFEC557AD}.Release|x64.Build.0 = Release|Any CPU
		{E3E2ADAA-66A5-4699-B75A-D45EFEC557AD}.Release|x86.ActiveCfg = Release|Any CPU
		{E3E2ADAA-66A5-4699-B75A-D45EFEC557AD}.Release|x86.Build.0 = Release|Any CPU
		{74F5B5A5-1699-4B6A-987B-673C92299C23}.Debug|Any CPU.ActiveCfg = Debug|Any CPU
		{74F5B5A5-1699-4B6A-987B-673C92299C23}.Debug|Any CPU.Build.0 = Debug|Any CPU
		{74F5B5A5-1699-4B6A-987B-673C92299C23}.Debug|x64.ActiveCfg = Debug|Any CPU
		{74F5B5A5-1699-4B6A-987B-673C92299C23}.Debug|x64.Build.0 = Debug|Any CPU
		{74F5B5A5-1699-4B6A-987B-673C92299C23}.Debug|x86.ActiveCfg = Debug|Any CPU
		{74F5B5A5-1699-4B6A-987B-673C92299C23}.Debug|x86.Build.0 = Debug|Any CPU
		{74F5B5A5-1699-4B6A-987B-673C92299C23}.Release|Any CPU.ActiveCfg = Release|Any CPU
		{74F5B5A5-1699-4B6A-987B-673C92299C23}.Release|Any CPU.Build.0 = Release|Any CPU
		{74F5B5A5-1699-4B6A-987B-673C92299C23}.Release|x64.ActiveCfg = Release|Any CPU
		{74F5B5A5-1699-4B6A-987B-673C92299C23}.Release|x64.Build.0 = Release|Any CPU
		{74F5B5A5-1699-4B6A-987B-673C92299C23}.Release|x86.ActiveCfg = Release|Any CPU
		{74F5B5A5-1699-4B6A-987B-673C92299C23}.Release|x86.Build.0 = Release|Any CPU
	EndGlobalSection
	GlobalSection(SolutionProperties) = preSolution
		HideSolutionNode = FALSE
	EndGlobalSection
	GlobalSection(ExtensibilityGlobals) = postSolution
		SolutionGuid = {1A0C3F7D-5A7B-4BC4-BAFD-75D0F977FAE4}
	EndGlobalSection
EndGlobal
